
Microsoft Visual Studio Solution File, Format Version 12.00
# Visual Studio Version 17
VisualStudioVersion = 17.2.32616.157
MinimumVisualStudioVersion = 10.0.40219.1
Project("{FAE04EC0-301F-11D3-BF4B-00C04F79EFBC}") = "LMS.Web", "LMS.Web\LMS.Web.csproj", "{ADCB85F5-629B-436E-887D-A47EB957AFC0}"
EndProject
Global
	GlobalSection(SolutionConfigurationPlatforms) = preSolution
		Debug|Any CPU = Debug|Any CPU
		Release|Any CPU = Release|Any CPU
	EndGlobalSection
	GlobalSection(ProjectConfigurationPlatforms) = postSolution
		{ADCB85F5-629B-436E-887D-A47EB957AFC0}.Debug|Any CPU.ActiveCfg = Debug|Any CPU
		{ADCB85F5-629B-436E-887D-A47EB957AFC0}.Debug|Any CPU.Build.0 = Debug|Any CPU
		{ADCB85F5-629B-436E-887D-A47EB957AFC0}.Release|Any CPU.ActiveCfg = Release|Any CPU
		{ADCB85F5-629B-436E-887D-A47EB957AFC0}.Release|Any CPU.Build.0 = Release|Any CPU
	EndGlobalSection
	GlobalSection(SolutionProperties) = preSolution
		HideSolutionNode = FALSE
	EndGlobalSection
	GlobalSection(ExtensibilityGlobals) = postSolution
		SolutionGuid = {CE9B1208-AF31-42CB-B7EF-40EAA9935601}
	EndGlobalSection
EndGlobal
